version: 2.0
shards:
  backtracer:
    git: https://github.com/sija/backtracer.cr.git
    version: 1.2.4

  exception_page:
    git: https://github.com/crystal-loot/exception_page.git
    version: 0.5.0

  kemal:
    git: https://github.com/kemalcr/kemal.git
    version: 1.7.2

  radix:
    git: https://github.com/luislavena/radix.git
    version: 0.4.1

  softepigen:
    git: https://github.com/franciscoadasme/softepigen.git
    version: 0.1.0+git.commit.ba8055451e3452f7a477f6f0a648272e86829351

